
Microsoft Visual Studio Solution File, Format Version 12.00
# Visual Studio 15
VisualStudioVersion = 15.0.27428.2037
MinimumVisualStudioVersion = 10.0.40219.1
Project("{FAE04EC0-301F-11D3-BF4B-00C04F79EFBC}") = "KeepIT.WebApp", "KeepIT.WebApp\KeepIT.WebApp.csproj", "{E4460ED0-128A-4F67-B363-A4E3B6A1D8BA}"
EndProject
Project("{FAE04EC0-301F-11D3-BF4B-00C04F79EFBC}") = "KeepIT.BusinessLayer", "KeepIT.BusinessLayer\KeepIT.BusinessLayer.csproj", "{516004B7-90FB-4A85-892B-863986D1D74F}"
EndProject
Project("{FAE04EC0-301F-11D3-BF4B-00C04F79EFBC}") = "KeepIT.DataAccessLayer", "KeepIT.DataAccessLayer\KeepIT.DataAccessLayer.csproj", "{89B5906B-E651-4B5B-9DE0-420CAA501F95}"
EndProject
Project("{FAE04EC0-301F-11D3-BF4B-00C04F79EFBC}") = "KeepIT.Entities", "KeepIT.Entities\KeepIT.Entities.csproj", "{BC6E7725-22B7-4B14-8AF6-3A3E9D273C0A}"
EndProject
Project("{FAE04EC0-301F-11D3-BF4B-00C04F79EFBC}") = "KeepIT.Common", "KeepIT.Common\KeepIT.Common.csproj", "{06878C13-A4B8-4662-9962-846FA60179D4}"
EndProject
Global
	GlobalSection(SolutionConfigurationPlatforms) = preSolution
		Debug|Any CPU = Debug|Any CPU
		Release|Any CPU = Release|Any CPU
	EndGlobalSection
	GlobalSection(ProjectConfigurationPlatforms) = postSolution
		{E4460ED0-128A-4F67-B363-A4E3B6A1D8BA}.Debug|Any CPU.ActiveCfg = Debug|Any CPU
		{E4460ED0-128A-4F67-B363-A4E3B6A1D8BA}.Debug|Any CPU.Build.0 = Debug|Any CPU
		{E4460ED0-128A-4F67-B363-A4E3B6A1D8BA}.Release|Any CPU.ActiveCfg = Release|Any CPU
		{E4460ED0-128A-4F67-B363-A4E3B6A1D8BA}.Release|Any CPU.Build.0 = Release|Any CPU
		{516004B7-90FB-4A85-892B-863986D1D74F}.Debug|Any CPU.ActiveCfg = Debug|Any CPU
		{516004B7-90FB-4A85-892B-863986D1D74F}.Debug|Any CPU.Build.0 = Debug|Any CPU
		{516004B7-90FB-4A85-892B-863986D1D74F}.Release|Any CPU.ActiveCfg = Release|Any CPU
		{516004B7-90FB-4A85-892B-863986D1D74F}.Release|Any CPU.Build.0 = Release|Any CPU
		{89B5906B-E651-4B5B-9DE0-420CAA501F95}.Debug|Any CPU.ActiveCfg = Debug|Any CPU
		{89B5906B-E651-4B5B-9DE0-420CAA501F95}.Debug|Any CPU.Build.0 = Debug|Any CPU
		{89B5906B-E651-4B5B-9DE0-420CAA501F95}.Release|Any CPU.ActiveCfg = Release|Any CPU
		{89B5906B-E651-4B5B-9DE0-420CAA501F95}.Release|Any CPU.Build.0 = Release|Any CPU
		{BC6E7725-22B7-4B14-8AF6-3A3E9D273C0A}.Debug|Any CPU.ActiveCfg = Debug|Any CPU
		{BC6E7725-22B7-4B14-8AF6-3A3E9D273C0A}.Debug|Any CPU.Build.0 = Debug|Any CPU
		{BC6E7725-22B7-4B14-8AF6-3A3E9D273C0A}.Release|Any CPU.ActiveCfg = Release|Any CPU
		{BC6E7725-22B7-4B14-8AF6-3A3E9D273C0A}.Release|Any CPU.Build.0 = Release|Any CPU
		{06878C13-A4B8-4662-9962-846FA60179D4}.Debug|Any CPU.ActiveCfg = Debug|Any CPU
		{06878C13-A4B8-4662-9962-846FA60179D4}.Debug|Any CPU.Build.0 = Debug|Any CPU
		{06878C13-A4B8-4662-9962-846FA60179D4}.Release|Any CPU.ActiveCfg = Release|Any CPU
		{06878C13-A4B8-4662-9962-846FA60179D4}.Release|Any CPU.Build.0 = Release|Any CPU
	EndGlobalSection
	GlobalSection(SolutionProperties) = preSolution
		HideSolutionNode = FALSE
	EndGlobalSection
	GlobalSection(ExtensibilityGlobals) = postSolution
		SolutionGuid = {183FD0F2-E669-4714-86A1-C3B5E0028638}
	EndGlobalSection
EndGlobal
